
Microsoft Visual Studio Solution File, Format Version 12.00
# Visual Studio 15
Project("{FAE04EC0-301F-11D3-BF4B-00C04F79EFBC}") = "Unity.XR.Interaction.Toolkit.Samples.StarterAssets", "Unity.XR.Interaction.Toolkit.Samples.StarterAssets.csproj", "{D642BADB-8779-EA0B-239E-EAB489571829}"
EndProject
Project("{FAE04EC0-301F-11D3-BF4B-00C04F79EFBC}") = "Assembly-CSharp", "Assembly-CSharp.csproj", "{4CA1F265-F03C-6692-707E-A3CCFC5037FA}"
EndProject
Project("{FAE04EC0-301F-11D3-BF4B-00C04F79EFBC}") = "Unity.XR.Interaction.Toolkit.Samples.StarterAssets.Editor", "Unity.XR.Interaction.Toolkit.Samples.StarterAssets.Editor.csproj", "{85D5130D-8704-5ACB-5384-F54532034651}"
EndProject
Global
	GlobalSection(SolutionConfigurationPlatforms) = preSolution
		Debug|Any CPU = Debug|Any CPU
		Release|Any CPU = Release|Any CPU
	EndGlobalSection
	GlobalSection(ProjectConfigurationPlatforms) = postSolution
		{D642BADB-8779-EA0B-239E-EAB489571829}.Debug|Any CPU.ActiveCfg = Debug|Any CPU
		{D642BADB-8779-EA0B-239E-EAB489571829}.Debug|Any CPU.Build.0 = Debug|Any CPU
		{D642BADB-8779-EA0B-239E-EAB489571829}.Release|Any CPU.ActiveCfg = Release|Any CPU
		{D642BADB-8779-EA0B-239E-EAB489571829}.Release|Any CPU.Build.0 = Release|Any CPU
		{4CA1F265-F03C-6692-707E-A3CCFC5037FA}.Debug|Any CPU.ActiveCfg = Debug|Any CPU
		{4CA1F265-F03C-6692-707E-A3CCFC5037FA}.Debug|Any CPU.Build.0 = Debug|Any CPU
		{4CA1F265-F03C-6692-707E-A3CCFC5037FA}.Release|Any CPU.ActiveCfg = Release|Any CPU
		{4CA1F265-F03C-6692-707E-A3CCFC5037FA}.Release|Any CPU.Build.0 = Release|Any CPU
		{85D5130D-8704-5ACB-5384-F54532034651}.Debug|Any CPU.ActiveCfg = Debug|Any CPU
		{85D5130D-8704-5ACB-5384-F54532034651}.Debug|Any CPU.Build.0 = Debug|Any CPU
		{85D5130D-8704-5ACB-5384-F54532034651}.Release|Any CPU.ActiveCfg = Release|Any CPU
		{85D5130D-8704-5ACB-5384-F54532034651}.Release|Any CPU.Build.0 = Release|Any CPU
	EndGlobalSection
	GlobalSection(SolutionProperties) = preSolution
		HideSolutionNode = FALSE
	EndGlobalSection
EndGlobal
